{
  "nodes": {
    "app2unit": {
      "inputs": {
        "nixpkgs": [
          "nixpkgs"
        ]
      },
      "locked": {
        "lastModified": 1752557494,
        "narHash": "sha256-GIcH+k321WBUl//gBypaJkLRMrKDemcSpzADJoyUdec=",
        "owner": "soramanew",
        "repo": "app2unit",
        "rev": "574d764446997e30218a29a6b9871fb1b9c6554d",
        "type": "github"
      },
      "original": {
        "owner": "soramanew",
        "repo": "app2unit",
        "type": "github"
      }
    },
    "nixpkgs": {
      "locked": {
        "lastModified": 1752480373,
        "narHash": "sha256-JHQbm+OcGp32wAsXTE/FLYGNpb+4GLi5oTvCxwSoBOA=",
        "owner": "nixos",
        "repo": "nixpkgs",
        "rev": "62e0f05ede1da0d54515d4ea8ce9c733f12d9f08",
        "type": "github"
      },
      "original": {
        "owner": "nixos",
        "ref": "nixos-unstable",
        "repo": "nixpkgs",
        "type": "github"
      }
    },
    "quickshell": {
      "inputs": {
        "nixpkgs": [
          "nixpkgs"
        ]
      },
      "locked": {
        "lastModified": 1752486994,
        "narHash": "sha256-/11zPRDdPPn61GXDyvDes9otFTP5lLqmETAtwMdeYWI=",
        "ref": "refs/heads/master",
        "rev": "5ac9096c1c63f6940c6b95f1118b540dfe029278",
        "revCount": 632,
        "type": "git",
        "url": "https://git.outfoxxed.me/outfoxxed/quickshell"
      },
      "original": {
        "type": "git",
        "url": "https://git.outfoxxed.me/outfoxxed/quickshell"
      }
    },
    "root": {
      "inputs": {
        "app2unit": "app2unit",
        "nixpkgs": "nixpkgs",
        "quickshell": "quickshell"
      }
    }
  },
  "root": "root",
  "version": 7
}
